PODS:
  - Alamofire (2.0.2)
  - MBProgressHUD (1.0.0)

DEPENDENCIES:
  - Alamofire (~> 2.0)
  - MBProgressHUD (~> 1.0.0)

SPEC CHECKSUMS:
  Alamofire: 8edbab00802a752bb5240cc2abe70e7e881488ad
  MBProgressHUD: 4890f671c94e8a0f3cf959aa731e9de2f036d71a

PODFILE CHECKSUM: ed411804c8440ff8e9a06360c2841ba43890bab1

COCOAPODS: 1.0.0.rc.2
