PODS:
  - Alamofire (2.0.2)
  - MBProgressHUD (0.9.2)

DEPENDENCIES:
  - Alamofire (~> 2.0)
  - MBProgressHUD (~> 0.9.1)

SPEC CHECKSUMS:
  Alamofire: 8edbab00802a752bb5240cc2abe70e7e881488ad
  MBProgressHUD: 1569cf7ace17a8bac47aabfbb8580a49690386d1

PODFILE CHECKSUM: 59c67f90bd6b8a23fc1b0f9003f2ad30e47e4595

COCOAPODS: 1.0.0.rc.2
